
Microsoft Visual Studio Solution File, Format Version 12.00
# Visual Studio Version 17
VisualStudioVersion = 17.8.34330.188
MinimumVisualStudioVersion = 10.0.40219.1
Project("{FAE04EC0-301F-11D3-BF4B-00C04F79EFBC}") = "Decorator", "Decorator.csproj", "{E01332F2-7FAC-41FF-8776-7BF941DDE19E}"
EndProject
Global
	GlobalSection(SolutionConfigurationPlatforms) = preSolution
		Debug|Any CPU = Debug|Any CPU
		Release|Any CPU = Release|Any CPU
	EndGlobalSection
	GlobalSection(ProjectConfigurationPlatforms) = postSolution
		{E01332F2-7FAC-41FF-8776-7BF941DDE19E}.Debug|Any CPU.ActiveCfg = Debug|Any CPU
		{E01332F2-7FAC-41FF-8776-7BF941DDE19E}.Debug|Any CPU.Build.0 = Debug|Any CPU
		{E01332F2-7FAC-41FF-8776-7BF941DDE19E}.Release|Any CPU.ActiveCfg = Release|Any CPU
		{E01332F2-7FAC-41FF-8776-7BF941DDE19E}.Release|Any CPU.Build.0 = Release|Any CPU
	EndGlobalSection
	GlobalSection(SolutionProperties) = preSolution
		HideSolutionNode = FALSE
	EndGlobalSection
	GlobalSection(ExtensibilityGlobals) = postSolution
		SolutionGuid = {0ADE77E0-D022-49E2-A9DA-E2825F840007}
	EndGlobalSection
EndGlobal
